
Microsoft Visual Studio Solution File, Format Version 12.00
# Visual Studio Version 17
VisualStudioVersion = 17.10.34928.147
MinimumVisualStudioVersion = 10.0.40219.1
Project("{FAE04EC0-301F-11D3-BF4B-00C04F79EFBC}") = "DotNetCore_Auth", "DotNetCore_Auth\DotNetCore_Auth.csproj", "{AF1429F7-DFC5-4C70-ABCC-4C49F47FD23B}"
EndProject
Global
	GlobalSection(SolutionConfigurationPlatforms) = preSolution
		Debug|Any CPU = Debug|Any CPU
		Release|Any CPU = Release|Any CPU
	EndGlobalSection
	GlobalSection(ProjectConfigurationPlatforms) = postSolution
		{AF1429F7-DFC5-4C70-ABCC-4C49F47FD23B}.Debug|Any CPU.ActiveCfg = Debug|Any CPU
		{AF1429F7-DFC5-4C70-ABCC-4C49F47FD23B}.Debug|Any CPU.Build.0 = Debug|Any CPU
		{AF1429F7-DFC5-4C70-ABCC-4C49F47FD23B}.Release|Any CPU.ActiveCfg = Release|Any CPU
		{AF1429F7-DFC5-4C70-ABCC-4C49F47FD23B}.Release|Any CPU.Build.0 = Release|Any CPU
	EndGlobalSection
	GlobalSection(SolutionProperties) = preSolution
		HideSolutionNode = FALSE
	EndGlobalSection
	GlobalSection(ExtensibilityGlobals) = postSolution
		SolutionGuid = {15BB968F-906E-47A9-83F1-15261D9C7D6E}
	EndGlobalSection
EndGlobal
